
Microsoft Visual Studio Solution File, Format Version 12.00
# Visual Studio Version 17
VisualStudioVersion = 17.7.34024.191
MinimumVisualStudioVersion = 10.0.40219.1
Project("{FAE04EC0-301F-11D3-BF4B-00C04F79EFBC}") = "1_Sum_Ad", "1_Sum_Ad\1_Sum_Ad.csproj", "{7DEFF7DA-1824-4565-AFFF-A02032335CDF}"
EndProject
Global
	GlobalSection(SolutionConfigurationPlatforms) = preSolution
		Debug|Any CPU = Debug|Any CPU
		Release|Any CPU = Release|Any CPU
	EndGlobalSection
	GlobalSection(ProjectConfigurationPlatforms) = postSolution
		{7DEFF7DA-1824-4565-AFFF-A02032335CDF}.Debug|Any CPU.ActiveCfg = Debug|Any CPU
		{7DEFF7DA-1824-4565-AFFF-A02032335CDF}.Debug|Any CPU.Build.0 = Debug|Any CPU
		{7DEFF7DA-1824-4565-AFFF-A02032335CDF}.Release|Any CPU.ActiveCfg = Release|Any CPU
		{7DEFF7DA-1824-4565-AFFF-A02032335CDF}.Release|Any CPU.Build.0 = Release|Any CPU
	EndGlobalSection
	GlobalSection(SolutionProperties) = preSolution
		HideSolutionNode = FALSE
	EndGlobalSection
	GlobalSection(ExtensibilityGlobals) = postSolution
		SolutionGuid = {4CAD53D0-2498-426D-8C8D-3CE6CC222BE4}
	EndGlobalSection
EndGlobal
